// !$*UTF8*$!
{
	archiveVersion = 1;
	classes = {
	};
	objectVersion = 46;
	objects = {

/* Begin PBXBuildFile section */
		690F98AF1B0E15DC00C39BC5 /* main.m in Sources */ = {isa = PBXBuildFile; fileRef = 690F98AE1B0E15DC00C39BC5 /* main.m */; };
		690F98B21B0E15DC00C39BC5 /* AppDelegate.m in Sources */ = {isa = PBXBuildFile; fileRef = 690F98B11B0E15DC00C39BC5 /* AppDelegate.m */; };
		690F98B51B0E15DC00C39BC5 /* ViewController.m in Sources */ = {isa = PBXBuildFile; fileRef = 690F98B41B0E15DC00C39BC5 /* ViewController.m */; };
		690F98C91B0E15DC00C39BC5 /* LD_BoxTests.m in Sources */ = {isa = PBXBuildFile; fileRef = 690F98C81B0E15DC00C39BC5 /* LD_BoxTests.m */; };
		690F98DB1B0E1F5E00C39BC5 /* LaunchScreen.xib in Resources */ = {isa = PBXBuildFile; fileRef = 690F98D71B0E1F5E00C39BC5 /* LaunchScreen.xib */; };
		690F98DC1B0E1F5E00C39BC5 /* Main.storyboard in Resources */ = {isa = PBXBuildFile; fileRef = 690F98D91B0E1F5E00C39BC5 /* Main.storyboard */; };
		690F98DF1B0E1FD400C39BC5 /* Images.xcassets in Resources */ = {isa = PBXBuildFile; fileRef = 690F98DE1B0E1FD400C39BC5 /* Images.xcassets */; };
		6914526F1B121532009892FA /* LDBaseButton.m in Sources */ = {isa = PBXBuildFile; fileRef = 6914526E1B121532009892FA /* LDBaseButton.m */; };
		691452731B121C65009892FA /* LDMusicBeanModel.m in Sources */ = {isa = PBXBuildFile; fileRef = 691452721B121C65009892FA /* LDMusicBeanModel.m */; };
		696A76A01B209293001867C7 /* LDMusicVC.m in Sources */ = {isa = PBXBuildFile; fileRef = 696A769E1B209293001867C7 /* LDMusicVC.m */; };
		696A76A11B209293001867C7 /* LDMusicVC.xib in Resources */ = {isa = PBXBuildFile; fileRef = 696A769F1B209293001867C7 /* LDMusicVC.xib */; };
		696BA5791B1DDACA00B04259 /* LDLeftMenuVM.m in Sources */ = {isa = PBXBuildFile; fileRef = 696BA5781B1DDACA00B04259 /* LDLeftMenuVM.m */; };
		696BA57E1B1DDEA500B04259 /* LDBLEConnectVC.m in Sources */ = {isa = PBXBuildFile; fileRef = 696BA57C1B1DDEA500B04259 /* LDBLEConnectVC.m */; };
		696BA57F1B1DDEA500B04259 /* LDBLEConnectVC.xib in Resources */ = {isa = PBXBuildFile; fileRef = 696BA57D1B1DDEA500B04259 /* LDBLEConnectVC.xib */; };
		696BA5911B1DE32700B04259 /* libiBluz.a in Frameworks */ = {isa = PBXBuildFile; fileRef = 696BA5901B1DE32700B04259 /* libiBluz.a */; };
		696BA5941B1DE78A00B04259 /* LDBLEConnectVM.m in Sources */ = {isa = PBXBuildFile; fileRef = 696BA5931B1DE78A00B04259 /* LDBLEConnectVM.m */; };
		696BA5971B1DE88D00B04259 /* LDBluzDeviceModel.m in Sources */ = {isa = PBXBuildFile; fileRef = 696BA5961B1DE88D00B04259 /* LDBluzDeviceModel.m */; };
		697342121B14CBC300D46B15 /* LDMedia.m in Sources */ = {isa = PBXBuildFile; fileRef = 697342111B14CBC300D46B15 /* LDMedia.m */; };
		698271371B24A67400E586DB /* NSString+LDCategory.m in Sources */ = {isa = PBXBuildFile; fileRef = 698271361B24A67400E586DB /* NSString+LDCategory.m */; };
		6982713B1B24AABD00E586DB /* LDBLEManager.m in Sources */ = {isa = PBXBuildFile; fileRef = 6982713A1B24AABD00E586DB /* LDBLEManager.m */; };
		698271401B24B22900E586DB /* LDMusicBoxVC.m in Sources */ = {isa = PBXBuildFile; fileRef = 6982713E1B24B22900E586DB /* LDMusicBoxVC.m */; };
		698271411B24B22900E586DB /* LDMusicBoxVC.xib in Resources */ = {isa = PBXBuildFile; fileRef = 6982713F1B24B22900E586DB /* LDMusicBoxVC.xib */; };
		698271471B24B55900E586DB /* LDMusicLrcVC.m in Sources */ = {isa = PBXBuildFile; fileRef = 698271451B24B55900E586DB /* LDMusicLrcVC.m */; };
		698271481B24B55900E586DB /* LDMusicLrcVC.xib in Resources */ = {isa = PBXBuildFile; fileRef = 698271461B24B55900E586DB /* LDMusicLrcVC.xib */; };
		6982714C1B24B56B00E586DB /* LDMusicMemoVC.m in Sources */ = {isa = PBXBuildFile; fileRef = 6982714A1B24B56B00E586DB /* LDMusicMemoVC.m */; };
		6982714D1B24B56B00E586DB /* LDMusicMemoVC.xib in Resources */ = {isa = PBXBuildFile; fileRef = 6982714B1B24B56B00E586DB /* LDMusicMemoVC.xib */; };
		698431881B0F63FC00D7263B /* LDLoger.m in Sources */ = {isa = PBXBuildFile; fileRef = 698431871B0F63FC00D7263B /* LDLoger.m */; };
		6984318B1B0F640300D7263B /* LDAVAudioManager.m in Sources */ = {isa = PBXBuildFile; fileRef = 6984318A1B0F640300D7263B /* LDAVAudioManager.m */; };
		6984318E1B0F66B600D7263B /* UIColor+LDColor.m in Sources */ = {isa = PBXBuildFile; fileRef = 6984318D1B0F66B600D7263B /* UIColor+LDColor.m */; };
		69F346321B1849AE00F8D69C /* MLNavigationController.m in Sources */ = {isa = PBXBuildFile; fileRef = 69F346311B1849AE00F8D69C /* MLNavigationController.m */; };
		69F346351B184D9C00F8D69C /* LDBaseNC.m in Sources */ = {isa = PBXBuildFile; fileRef = 69F346341B184D9C00F8D69C /* LDBaseNC.m */; };
		69F346381B184E6A00F8D69C /* LDBaseVC.m in Sources */ = {isa = PBXBuildFile; fileRef = 69F346371B184E6A00F8D69C /* LDBaseVC.m */; };
		69F3463C1B18560000F8D69C /* LDDrawer.m in Sources */ = {isa = PBXBuildFile; fileRef = 69F3463B1B18560000F8D69C /* LDDrawer.m */; };
		69F346451B18593A00F8D69C /* LDDrawerVC.m in Sources */ = {isa = PBXBuildFile; fileRef = 69F346441B18593A00F8D69C /* LDDrawerVC.m */; };
		69F346481B185F2400F8D69C /* MMExampleDrawerVisualStateManager.m in Sources */ = {isa = PBXBuildFile; fileRef = 69F346471B185F2400F8D69C /* MMExampleDrawerVisualStateManager.m */; };
		69F3464C1B18663200F8D69C /* LDLeftMenuVC.m in Sources */ = {isa = PBXBuildFile; fileRef = 69F3464A1B18663200F8D69C /* LDLeftMenuVC.m */; };
		69F3464D1B18663200F8D69C /* LDLeftMenuVC.xib in Resources */ = {isa = PBXBuildFile; fileRef = 69F3464B1B18663200F8D69C /* LDLeftMenuVC.xib */; };
		69F346511B18674200F8D69C /* LDMainVC.m in Sources */ = {isa = PBXBuildFile; fileRef = 69F3464F1B18674200F8D69C /* LDMainVC.m */; };
		69F346521B18674200F8D69C /* LDMainVC.xib in Resources */ = {isa = PBXBuildFile; fileRef = 69F346501B18674200F8D69C /* LDMainVC.xib */; };
		DE9E44DBA67F56BED2D0007E /* libPods.a in Frameworks */ = {isa = PBXBuildFile; fileRef = 2BDF99F59B378B3511FED4E1 /* libPods.a */; };
/* End PBXBuildFile section */

/* Begin PBXContainerItemProxy section */
		690F98C31B0E15DC00C39BC5 /* PBXContainerItemProxy */ = {
			isa = PBXContainerItemProxy;
			containerPortal = 690F98A11B0E15DC00C39BC5 /* Project object */;
			proxyType = 1;
			remoteGlobalIDString = 690F98A81B0E15DC00C39BC5;
			remoteInfo = LD_Box;
		};
/* End PBXContainerItemProxy section */

/* Begin PBXFileReference section */
		2BDF99F59B378B3511FED4E1 /* libPods.a */ = {isa = PBXFileReference; explicitFileType = archive.ar; includeInIndex = 0; path = libPods.a; sourceTree = BUILT_PRODUCTS_DIR; };
		62C510F1426D7C03613A4E18 /* Pods.debug.xcconfig */ = {isa = PBXFileReference; includeInIndex = 1; lastKnownFileType = text.xcconfig; name = Pods.debug.xcconfig; path = "Pods/Target Support Files/Pods/Pods.debug.xcconfig"; sourceTree = "<group>"; };
		690F98A91B0E15DC00C39BC5 /* LD_Box.app */ = {isa = PBXFileReference; explicitFileType = wrapper.application; includeInIndex = 0; path = LD_Box.app; sourceTree = BUILT_PRODUCTS_DIR; };
		690F98AE1B0E15DC00C39BC5 /* main.m */ = {isa = PBXFileReference; lastKnownFileType = sourcecode.c.objc; path = main.m; sourceTree = "<group>"; };
		690F98B01B0E15DC00C39BC5 /* AppDelegate.h */ = {isa = PBXFileReference; lastKnownFileType = sourcecode.c.h; path = AppDelegate.h; sourceTree = "<group>"; };
		690F98B11B0E15DC00C39BC5 /* AppDelegate.m */ = {isa = PBXFileReference; lastKnownFileType = sourcecode.c.objc; path = AppDelegate.m; sourceTree = "<group>"; };
		690F98B31B0E15DC00C39BC5 /* ViewController.h */ = {isa = PBXFileReference; lastKnownFileType = sourcecode.c.h; path = ViewController.h; sourceTree = "<group>"; };
		690F98B41B0E15DC00C39BC5 /* ViewController.m */ = {isa = PBXFileReference; lastKnownFileType = sourcecode.c.objc; path = ViewController.m; sourceTree = "<group>"; };
		690F98C21B0E15DC00C39BC5 /* LD_BoxTests.xctest */ = {isa = PBXFileReference; explicitFileType = wrapper.cfbundle; includeInIndex = 0; path = LD_BoxTests.xctest; sourceTree = BUILT_PRODUCTS_DIR; };
		690F98C71B0E15DC00C39BC5 /* Info.plist */ = {isa = PBXFileReference; lastKnownFileType = text.plist.xml; path = Info.plist; sourceTree = "<group>"; };
		690F98C81B0E15DC00C39BC5 /* LD_BoxTests.m */ = {isa = PBXFileReference; lastKnownFileType = sourcecode.c.objc; path = LD_BoxTests.m; sourceTree = "<group>"; };
		690F98D81B0E1F5E00C39BC5 /* Base */ = {isa = PBXFileReference; lastKnownFileType = file.xib; name = Base; path = LaunchScreen.xib; sourceTree = "<group>"; };
		690F98DA1B0E1F5E00C39BC5 /* Base */ = {isa = PBXFileReference; lastKnownFileType = file.storyboard; name = Base; path = Main.storyboard; sourceTree = "<group>"; };
		690F98DE1B0E1FD400C39BC5 /* Images.xcassets */ = {isa = PBXFileReference; lastKnownFileType = folder.assetcatalog; path = Images.xcassets; sourceTree = "<group>"; };
		690F98E01B0E201100C39BC5 /* Info.plist */ = {isa = PBXFileReference; fileEncoding = 4; lastKnownFileType = text.plist.xml; path = Info.plist; sourceTree = "<group>"; };
		6914526C1B12106D009892FA /* LDDevice.h */ = {isa = PBXFileReference; fileEncoding = 4; lastKnownFileType = sourcecode.c.h; path = LDDevice.h; sourceTree = "<group>"; };
		6914526D1B121532009892FA /* LDBaseButton.h */ = {isa = PBXFileReference; fileEncoding = 4; lastKnownFileType = sourcecode.c.h; path = LDBaseButton.h; sourceTree = "<group>"; };
		6914526E1B121532009892FA /* LDBaseButton.m */ = {isa = PBXFileReference; fileEncoding = 4; lastKnownFileType = sourcecode.c.objc; path = LDBaseButton.m; sourceTree = "<group>"; };
		691452711B121C65009892FA /* LDMusicBeanModel.h */ = {isa = PBXFileReference; fileEncoding = 4; lastKnownFileType = sourcecode.c.h; path = LDMusicBeanModel.h; sourceTree = "<group>"; };
		691452721B121C65009892FA /* LDMusicBeanModel.m */ = {isa = PBXFileReference; fileEncoding = 4; lastKnownFileType = sourcecode.c.objc; path = LDMusicBeanModel.m; sourceTree = "<group>"; };
		696A769D1B209293001867C7 /* LDMusicVC.h */ = {isa = PBXFileReference; fileEncoding = 4; lastKnownFileType = sourcecode.c.h; path = LDMusicVC.h; sourceTree = "<group>"; };
		696A769E1B209293001867C7 /* LDMusicVC.m */ = {isa = PBXFileReference; fileEncoding = 4; lastKnownFileType = sourcecode.c.objc; path = LDMusicVC.m; sourceTree = "<group>"; };
		696A769F1B209293001867C7 /* LDMusicVC.xib */ = {isa = PBXFileReference; fileEncoding = 4; lastKnownFileType = file.xib; path = LDMusicVC.xib; sourceTree = "<group>"; };
		696BA5771B1DDACA00B04259 /* LDLeftMenuVM.h */ = {isa = PBXFileReference; fileEncoding = 4; lastKnownFileType = sourcecode.c.h; path = LDLeftMenuVM.h; sourceTree = "<group>"; };
		696BA5781B1DDACA00B04259 /* LDLeftMenuVM.m */ = {isa = PBXFileReference; fileEncoding = 4; lastKnownFileType = sourcecode.c.objc; path = LDLeftMenuVM.m; sourceTree = "<group>"; };
		696BA57B1B1DDEA500B04259 /* LDBLEConnectVC.h */ = {isa = PBXFileReference; fileEncoding = 4; lastKnownFileType = sourcecode.c.h; path = LDBLEConnectVC.h; sourceTree = "<group>"; };
		696BA57C1B1DDEA500B04259 /* LDBLEConnectVC.m */ = {isa = PBXFileReference; fileEncoding = 4; lastKnownFileType = sourcecode.c.objc; path = LDBLEConnectVC.m; sourceTree = "<group>"; };
		696BA57D1B1DDEA500B04259 /* LDBLEConnectVC.xib */ = {isa = PBXFileReference; fileEncoding = 4; lastKnownFileType = file.xib; path = LDBLEConnectVC.xib; sourceTree = "<group>"; };
		696BA5821B1DE32700B04259 /* AlarmEntry.h */ = {isa = PBXFileReference; fileEncoding = 4; lastKnownFileType = sourcecode.c.h; path = AlarmEntry.h; sourceTree = "<group>"; };
		696BA5831B1DE32700B04259 /* AlarmManager.h */ = {isa = PBXFileReference; fileEncoding = 4; lastKnownFileType = sourcecode.c.h; path = AlarmManager.h; sourceTree = "<group>"; };
		696BA5841B1DE32700B04259 /* AuxManager.h */ = {isa = PBXFileReference; fileEncoding = 4; lastKnownFileType = sourcecode.c.h; path = AuxManager.h; sourceTree = "<group>"; };
		696BA5851B1DE32700B04259 /* BluzDevice.h */ = {isa = PBXFileReference; fileEncoding = 4; lastKnownFileType = sourcecode.c.h; path = BluzDevice.h; sourceTree = "<group>"; };
		696BA5861B1DE32700B04259 /* BluzDirect.h */ = {isa = PBXFileReference; fileEncoding = 4; lastKnownFileType = sourcecode.c.h; path = BluzDirect.h; sourceTree = "<group>"; };
		696BA5871B1DE32700B04259 /* BluzManager.h */ = {isa = PBXFileReference; fileEncoding = 4; lastKnownFileType = sourcecode.c.h; path = BluzManager.h; sourceTree = "<group>"; };
		696BA5881B1DE32700B04259 /* BluzManagerData.h */ = {isa = PBXFileReference; fileEncoding = 4; lastKnownFileType = sourcecode.c.h; path = BluzManagerData.h; sourceTree = "<group>"; };
		696BA5891B1DE32700B04259 /* FolderEntry.h */ = {isa = PBXFileReference; fileEncoding = 4; lastKnownFileType = sourcecode.c.h; path = FolderEntry.h; sourceTree = "<group>"; };
		696BA58A1B1DE32700B04259 /* GlobalManager.h */ = {isa = PBXFileReference; fileEncoding = 4; lastKnownFileType = sourcecode.c.h; path = GlobalManager.h; sourceTree = "<group>"; };
		696BA58B1B1DE32700B04259 /* MusicEntry.h */ = {isa = PBXFileReference; fileEncoding = 4; lastKnownFileType = sourcecode.c.h; path = MusicEntry.h; sourceTree = "<group>"; };
		696BA58C1B1DE32700B04259 /* MusicManager.h */ = {isa = PBXFileReference; fileEncoding = 4; lastKnownFileType = sourcecode.c.h; path = MusicManager.h; sourceTree = "<group>"; };
		696BA58D1B1DE32700B04259 /* RadioEntry.h */ = {isa = PBXFileReference; fileEncoding = 4; lastKnownFileType = sourcecode.c.h; path = RadioEntry.h; sourceTree = "<group>"; };
		696BA58E1B1DE32700B04259 /* RadioManager.h */ = {isa = PBXFileReference; fileEncoding = 4; lastKnownFileType = sourcecode.c.h; path = RadioManager.h; sourceTree = "<group>"; };
		696BA58F1B1DE32700B04259 /* RingEntry.h */ = {isa = PBXFileReference; fileEncoding = 4; lastKnownFileType = sourcecode.c.h; path = RingEntry.h; sourceTree = "<group>"; };
		696BA5901B1DE32700B04259 /* libiBluz.a */ = {isa = PBXFileReference; lastKnownFileType = archive.ar; path = libiBluz.a; sourceTree = "<group>"; };
		696BA5921B1DE78A00B04259 /* LDBLEConnectVM.h */ = {isa = PBXFileReference; fileEncoding = 4; lastKnownFileType = sourcecode.c.h; path = LDBLEConnectVM.h; sourceTree = "<group>"; };
		696BA5931B1DE78A00B04259 /* LDBLEConnectVM.m */ = {isa = PBXFileReference; fileEncoding = 4; lastKnownFileType = sourcecode.c.objc; path = LDBLEConnectVM.m; sourceTree = "<group>"; };
		696BA5951B1DE88D00B04259 /* LDBluzDeviceModel.h */ = {isa = PBXFileReference; fileEncoding = 4; lastKnownFileType = sourcecode.c.h; path = LDBluzDeviceModel.h; sourceTree = "<group>"; };
		696BA5961B1DE88D00B04259 /* LDBluzDeviceModel.m */ = {isa = PBXFileReference; fileEncoding = 4; lastKnownFileType = sourcecode.c.objc; path = LDBluzDeviceModel.m; sourceTree = "<group>"; };
		697342101B14CBC300D46B15 /* LDMedia.h */ = {isa = PBXFileReference; fileEncoding = 4; lastKnownFileType = sourcecode.c.h; path = LDMedia.h; sourceTree = "<group>"; };
		697342111B14CBC300D46B15 /* LDMedia.m */ = {isa = PBXFileReference; fileEncoding = 4; lastKnownFileType = sourcecode.c.objc; path = LDMedia.m; sourceTree = "<group>"; };
		698271351B24A67400E586DB /* NSString+LDCategory.h */ = {isa = PBXFileReference; fileEncoding = 4; lastKnownFileType = sourcecode.c.h; path = "NSString+LDCategory.h"; sourceTree = "<group>"; };
		698271361B24A67400E586DB /* NSString+LDCategory.m */ = {isa = PBXFileReference; fileEncoding = 4; lastKnownFileType = sourcecode.c.objc; path = "NSString+LDCategory.m"; sourceTree = "<group>"; };
		698271391B24AABD00E586DB /* LDBLEManager.h */ = {isa = PBXFileReference; fileEncoding = 4; lastKnownFileType = sourcecode.c.h; path = LDBLEManager.h; sourceTree = "<group>"; };
		6982713A1B24AABD00E586DB /* LDBLEManager.m */ = {isa = PBXFileReference; fileEncoding = 4; lastKnownFileType = sourcecode.c.objc; path = LDBLEManager.m; sourceTree = "<group>"; };
		6982713D1B24B22900E586DB /* LDMusicBoxVC.h */ = {isa = PBXFileReference; fileEncoding = 4; lastKnownFileType = sourcecode.c.h; path = LDMusicBoxVC.h; sourceTree = "<group>"; };
		6982713E1B24B22900E586DB /* LDMusicBoxVC.m */ = {isa = PBXFileReference; fileEncoding = 4; lastKnownFileType = sourcecode.c.objc; path = LDMusicBoxVC.m; sourceTree = "<group>"; };
		6982713F1B24B22900E586DB /* LDMusicBoxVC.xib */ = {isa = PBXFileReference; fileEncoding = 4; lastKnownFileType = file.xib; path = LDMusicBoxVC.xib; sourceTree = "<group>"; };
		698271441B24B55900E586DB /* LDMusicLrcVC.h */ = {isa = PBXFileReference; fileEncoding = 4; lastKnownFileType = sourcecode.c.h; path = LDMusicLrcVC.h; sourceTree = "<group>"; };
		698271451B24B55900E586DB /* LDMusicLrcVC.m */ = {isa = PBXFileReference; fileEncoding = 4; lastKnownFileType = sourcecode.c.objc; path = LDMusicLrcVC.m; sourceTree = "<group>"; };
		698271461B24B55900E586DB /* LDMusicLrcVC.xib */ = {isa = PBXFileReference; fileEncoding = 4; lastKnownFileType = file.xib; path = LDMusicLrcVC.xib; sourceTree = "<group>"; };
		698271491B24B56B00E586DB /* LDMusicMemoVC.h */ = {isa = PBXFileReference; fileEncoding = 4; lastKnownFileType = sourcecode.c.h; path = LDMusicMemoVC.h; sourceTree = "<group>"; };
		6982714A1B24B56B00E586DB /* LDMusicMemoVC.m */ = {isa = PBXFileReference; fileEncoding = 4; lastKnownFileType = sourcecode.c.objc; path = LDMusicMemoVC.m; sourceTree = "<group>"; };
		6982714B1B24B56B00E586DB /* LDMusicMemoVC.xib */ = {isa = PBXFileReference; fileEncoding = 4; lastKnownFileType = file.xib; path = LDMusicMemoVC.xib; sourceTree = "<group>"; };
		698431861B0F63FC00D7263B /* LDLoger.h */ = {isa = PBXFileReference; fileEncoding = 4; lastKnownFileType = sourcecode.c.h; path = LDLoger.h; sourceTree = "<group>"; };
		698431871B0F63FC00D7263B /* LDLoger.m */ = {isa = PBXFileReference; fileEncoding = 4; lastKnownFileType = sourcecode.c.objc; path = LDLoger.m; sourceTree = "<group>"; };
		698431891B0F640300D7263B /* LDAVAudioManager.h */ = {isa = PBXFileReference; fileEncoding = 4; lastKnownFileType = sourcecode.c.h; path = LDAVAudioManager.h; sourceTree = "<group>"; };
		6984318A1B0F640300D7263B /* LDAVAudioManager.m */ = {isa = PBXFileReference; fileEncoding = 4; lastKnownFileType = sourcecode.c.objc; path = LDAVAudioManager.m; sourceTree = "<group>"; };
		6984318C1B0F66B600D7263B /* UIColor+LDColor.h */ = {isa = PBXFileReference; fileEncoding = 4; lastKnownFileType = sourcecode.c.h; path = "UIColor+LDColor.h"; sourceTree = "<group>"; };
		6984318D1B0F66B600D7263B /* UIColor+LDColor.m */ = {isa = PBXFileReference; fileEncoding = 4; lastKnownFileType = sourcecode.c.objc; path = "UIColor+LDColor.m"; sourceTree = "<group>"; };
		69F346301B1849AE00F8D69C /* MLNavigationController.h */ = {isa = PBXFileReference; fileEncoding = 4; lastKnownFileType = sourcecode.c.h; path = MLNavigationController.h; sourceTree = "<group>"; };
		69F346311B1849AE00F8D69C /* MLNavigationController.m */ = {isa = PBXFileReference; fileEncoding = 4; lastKnownFileType = sourcecode.c.objc; path = MLNavigationController.m; sourceTree = "<group>"; };
		69F346331B184D9C00F8D69C /* LDBaseNC.h */ = {isa = PBXFileReference; fileEncoding = 4; lastKnownFileType = sourcecode.c.h; path = LDBaseNC.h; sourceTree = "<group>"; };
		69F346341B184D9C00F8D69C /* LDBaseNC.m */ = {isa = PBXFileReference; fileEncoding = 4; lastKnownFileType = sourcecode.c.objc; path = LDBaseNC.m; sourceTree = "<group>"; };
		69F346361B184E6A00F8D69C /* LDBaseVC.h */ = {isa = PBXFileReference; fileEncoding = 4; lastKnownFileType = sourcecode.c.h; path = LDBaseVC.h; sourceTree = "<group>"; };
		69F346371B184E6A00F8D69C /* LDBaseVC.m */ = {isa = PBXFileReference; fileEncoding = 4; lastKnownFileType = sourcecode.c.objc; path = LDBaseVC.m; sourceTree = "<group>"; };
		69F3463A1B18560000F8D69C /* LDDrawer.h */ = {isa = PBXFileReference; fileEncoding = 4; lastKnownFileType = sourcecode.c.h; path = LDDrawer.h; sourceTree = "<group>"; };
		69F3463B1B18560000F8D69C /* LDDrawer.m */ = {isa = PBXFileReference; fileEncoding = 4; lastKnownFileType = sourcecode.c.objc; path = LDDrawer.m; sourceTree = "<group>"; };
		69F346431B18593A00F8D69C /* LDDrawerVC.h */ = {isa = PBXFileReference; fileEncoding = 4; lastKnownFileType = sourcecode.c.h; path = LDDrawerVC.h; sourceTree = "<group>"; };
		69F346441B18593A00F8D69C /* LDDrawerVC.m */ = {isa = PBXFileReference; fileEncoding = 4; lastKnownFileType = sourcecode.c.objc; path = LDDrawerVC.m; sourceTree = "<group>"; };
		69F346461B185F2400F8D69C /* MMExampleDrawerVisualStateManager.h */ = {isa = PBXFileReference; fileEncoding = 4; lastKnownFileType = sourcecode.c.h; path = MMExampleDrawerVisualStateManager.h; sourceTree = "<group>"; };
		69F346471B185F2400F8D69C /* MMExampleDrawerVisualStateManager.m */ = {isa = PBXFileReference; fileEncoding = 4; lastKnownFileType = sourcecode.c.objc; path = MMExampleDrawerVisualStateManager.m; sourceTree = "<group>"; };
		69F346491B18663200F8D69C /* LDLeftMenuVC.h */ = {isa = PBXFileReference; fileEncoding = 4; lastKnownFileType = sourcecode.c.h; path = LDLeftMenuVC.h; sourceTree = "<group>"; };
		69F3464A1B18663200F8D69C /* LDLeftMenuVC.m */ = {isa = PBXFileReference; fileEncoding = 4; lastKnownFileType = sourcecode.c.objc; path = LDLeftMenuVC.m; sourceTree = "<group>"; };
		69F3464B1B18663200F8D69C /* LDLeftMenuVC.xib */ = {isa = PBXFileReference; fileEncoding = 4; lastKnownFileType = file.xib; path = LDLeftMenuVC.xib; sourceTree = "<group>"; };
		69F3464E1B18674200F8D69C /* LDMainVC.h */ = {isa = PBXFileReference; fileEncoding = 4; lastKnownFileType = sourcecode.c.h; path = LDMainVC.h; sourceTree = "<group>"; };
		69F3464F1B18674200F8D69C /* LDMainVC.m */ = {isa = PBXFileReference; fileEncoding = 4; lastKnownFileType = sourcecode.c.objc; path = LDMainVC.m; sourceTree = "<group>"; };
		69F346501B18674200F8D69C /* LDMainVC.xib */ = {isa = PBXFileReference; fileEncoding = 4; lastKnownFileType = file.xib; path = LDMainVC.xib; sourceTree = "<group>"; };
		BC254ED88F1F6B3DFEC354B0 /* Pods.release.xcconfig */ = {isa = PBXFileReference; includeInIndex = 1; lastKnownFileType = text.xcconfig; name = Pods.release.xcconfig; path = "Pods/Target Support Files/Pods/Pods.release.xcconfig"; sourceTree = "<group>"; };
/* End PBXFileReference section */

/* Begin PBXFrameworksBuildPhase section */
		690F98A61B0E15DC00C39BC5 /* Frameworks */ = {
			isa = PBXFrameworksBuildPhase;
			buildActionMask = 2147483647;
			files = (
				696BA5911B1DE32700B04259 /* libiBluz.a in Frameworks */,
				DE9E44DBA67F56BED2D0007E /* libPods.a in Frameworks */,
			);
			runOnlyForDeploymentPostprocessing = 0;
		};
		690F98BF1B0E15DC00C39BC5 /* Frameworks */ = {
			isa = PBXFrameworksBuildPhase;
			buildActionMask = 2147483647;
			files = (
			);
			runOnlyForDeploymentPostprocessing = 0;
		};
/* End PBXFrameworksBuildPhase section */

/* Begin PBXGroup section */
		03D9B8B878DB94D5D039C348 /* Pods */ = {
			isa = PBXGroup;
			children = (
				62C510F1426D7C03613A4E18 /* Pods.debug.xcconfig */,
				BC254ED88F1F6B3DFEC354B0 /* Pods.release.xcconfig */,
			);
			name = Pods;
			sourceTree = "<group>";
		};
		690F98A01B0E15DC00C39BC5 = {
			isa = PBXGroup;
			children = (
				690F98AB1B0E15DC00C39BC5 /* LD_Box */,
				690F98C51B0E15DC00C39BC5 /* LD_BoxTests */,
				690F98AA1B0E15DC00C39BC5 /* Products */,
				03D9B8B878DB94D5D039C348 /* Pods */,
				7697D2E2654C514304D4189E /* Frameworks */,
			);
			sourceTree = "<group>";
		};
		690F98AA1B0E15DC00C39BC5 /* Products */ = {
			isa = PBXGroup;
			children = (
				690F98A91B0E15DC00C39BC5 /* LD_Box.app */,
				690F98C21B0E15DC00C39BC5 /* LD_BoxTests.xctest */,
			);
			name = Products;
			sourceTree = "<group>";
		};
		690F98AB1B0E15DC00C39BC5 /* LD_Box */ = {
			isa = PBXGroup;
			children = (
				690F98D51B0E1E8100C39BC5 /* AppDelegate */,
				690F98D41B0E1E7000C39BC5 /* LD_Lib */,
				690F98E61B0E24E000C39BC5 /* MVC */,
				690F98DD1B0E1F9100C39BC5 /* Resource */,
				690F98AC1B0E15DC00C39BC5 /* Supporting Files */,
				690F98E41B0E226200C39BC5 /* Third_Libraries */,
			);
			path = LD_Box;
			sourceTree = "<group>";
		};
		690F98AC1B0E15DC00C39BC5 /* Supporting Files */ = {
			isa = PBXGroup;
			children = (
				690F98E01B0E201100C39BC5 /* Info.plist */,
				690F98AE1B0E15DC00C39BC5 /* main.m */,
			);
			name = "Supporting Files";
			path = Supporting_Files;
			sourceTree = "<group>";
		};
		690F98C51B0E15DC00C39BC5 /* LD_BoxTests */ = {
			isa = PBXGroup;
			children = (
				690F98C81B0E15DC00C39BC5 /* LD_BoxTests.m */,
				690F98C61B0E15DC00C39BC5 /* Supporting Files */,
			);
			path = LD_BoxTests;
			sourceTree = "<group>";
		};
		690F98C61B0E15DC00C39BC5 /* Supporting Files */ = {
			isa = PBXGroup;
			children = (
				690F98C71B0E15DC00C39BC5 /* Info.plist */,
			);
			name = "Supporting Files";
			sourceTree = "<group>";
		};
		690F98D41B0E1E7000C39BC5 /* LD_Lib */ = {
			isa = PBXGroup;
			children = (
				690F98E31B0E21F700C39BC5 /* BaseView */,
				690F98E21B0E21B200C39BC5 /* Category */,
				690F98E51B0E23FE00C39BC5 /* Unit */,
			);
			path = LD_Lib;
			sourceTree = "<group>";
		};
		690F98D51B0E1E8100C39BC5 /* AppDelegate */ = {
			isa = PBXGroup;
			children = (
				690F98B01B0E15DC00C39BC5 /* AppDelegate.h */,
				690F98B11B0E15DC00C39BC5 /* AppDelegate.m */,
				690F98B31B0E15DC00C39BC5 /* ViewController.h */,
				690F98B41B0E15DC00C39BC5 /* ViewController.m */,
				690F98D61B0E1F5E00C39BC5 /* Base.lproj */,
			);
			path = AppDelegate;
			sourceTree = "<group>";
		};
		690F98D61B0E1F5E00C39BC5 /* Base.lproj */ = {
			isa = PBXGroup;
			children = (
				690F98D71B0E1F5E00C39BC5 /* LaunchScreen.xib */,
				690F98D91B0E1F5E00C39BC5 /* Main.storyboard */,
			);
			path = Base.lproj;
			sourceTree = "<group>";
		};
		690F98DD1B0E1F9100C39BC5 /* Resource */ = {
			isa = PBXGroup;
			children = (
				690F98DE1B0E1FD400C39BC5 /* Images.xcassets */,
			);
			path = Resource;
			sourceTree = "<group>";
		};
		690F98E21B0E21B200C39BC5 /* Category */ = {
			isa = PBXGroup;
			children = (
				6984318C1B0F66B600D7263B /* UIColor+LDColor.h */,
				6984318D1B0F66B600D7263B /* UIColor+LDColor.m */,
				698271351B24A67400E586DB /* NSString+LDCategory.h */,
				698271361B24A67400E586DB /* NSString+LDCategory.m */,
			);
			path = Category;
			sourceTree = "<group>";
		};
		690F98E31B0E21F700C39BC5 /* BaseView */ = {
			isa = PBXGroup;
			children = (
				6914526D1B121532009892FA /* LDBaseButton.h */,
				6914526E1B121532009892FA /* LDBaseButton.m */,
				69F346361B184E6A00F8D69C /* LDBaseVC.h */,
				69F346371B184E6A00F8D69C /* LDBaseVC.m */,
				69F346331B184D9C00F8D69C /* LDBaseNC.h */,
				69F346341B184D9C00F8D69C /* LDBaseNC.m */,
				69F346431B18593A00F8D69C /* LDDrawerVC.h */,
				69F346441B18593A00F8D69C /* LDDrawerVC.m */,
			);
			path = BaseView;
			sourceTree = "<group>";
		};
		690F98E41B0E226200C39BC5 /* Third_Libraries */ = {
			isa = PBXGroup;
			children = (
				696BA5801B1DE32700B04259 /* iBluz */,
				69F3462F1B18498300F8D69C /* MLNavigationController */,
			);
			path = Third_Libraries;
			sourceTree = "<group>";
		};
		690F98E51B0E23FE00C39BC5 /* Unit */ = {
			isa = PBXGroup;
			children = (
				691452651B120F1F009892FA /* LDDefine */,
				690F98F31B0E294B00C39BC5 /* NSLog */,
				690F98EF1B0E28D300C39BC5 /* AVAudio */,
			);
			path = Unit;
			sourceTree = "<group>";
		};
		690F98E61B0E24E000C39BC5 /* MVC */ = {
			isa = PBXGroup;
			children = (
				698271381B24AA5700E586DB /* Manager */,
				690F98F81B0E2CD500C39BC5 /* LD_VC_Lib */,
				690F98F71B0E2C6F00C39BC5 /* BaseVC */,
				690F98EB1B0E261A00C39BC5 /* VC */,
				690F98E71B0E251600C39BC5 /* Model */,
			);
			path = MVC;
			sourceTree = "<group>";
		};
		690F98E71B0E251600C39BC5 /* Model */ = {
			isa = PBXGroup;
			children = (
				691452701B121C00009892FA /* CommonModel */,
				690F98EA1B0E25DE00C39BC5 /* FileModel */,
				690F98E91B0E25B000C39BC5 /* UIModel */,
				690F98E81B0E256A00C39BC5 /* NetModel */,
			);
			path = Model;
			sourceTree = "<group>";
		};
		690F98E81B0E256A00C39BC5 /* NetModel */ = {
			isa = PBXGroup;
			children = (
			);
			path = NetModel;
			sourceTree = "<group>";
		};
		690F98E91B0E25B000C39BC5 /* UIModel */ = {
			isa = PBXGroup;
			children = (
			);
			path = UIModel;
			sourceTree = "<group>";
		};
		690F98EA1B0E25DE00C39BC5 /* FileModel */ = {
			isa = PBXGroup;
			children = (
			);
			path = FileModel;
			sourceTree = "<group>";
		};
		690F98EB1B0E261A00C39BC5 /* VC */ = {
			isa = PBXGroup;
			children = (
				698271431B24B52600E586DB /* MusicLrcVC */,
				698271421B24B51C00E586DB /* MusicMemoVC */,
				6982713C1B24B19F00E586DB /* MusicBoxVC */,
				696BA57A1B1DDE3000B04259 /* BLEConnectVC */,
				69F3463D1B18569200F8D69C /* LeftMenuVC */,
				691452591B1207DC009892FA /* MusicVC */,
				690F98F91B0E2E3800C39BC5 /* MainVC */,
			);
			path = VC;
			sourceTree = "<group>";
		};
		690F98EF1B0E28D300C39BC5 /* AVAudio */ = {
			isa = PBXGroup;
			children = (
				698431891B0F640300D7263B /* LDAVAudioManager.h */,
				6984318A1B0F640300D7263B /* LDAVAudioManager.m */,
			);
			path = AVAudio;
			sourceTree = "<group>";
		};
		690F98F31B0E294B00C39BC5 /* NSLog */ = {
			isa = PBXGroup;
			children = (
				698431861B0F63FC00D7263B /* LDLoger.h */,
				698431871B0F63FC00D7263B /* LDLoger.m */,
			);
			path = NSLog;
			sourceTree = "<group>";
		};
		690F98F71B0E2C6F00C39BC5 /* BaseVC */ = {
			isa = PBXGroup;
			children = (
			);
			path = BaseVC;
			sourceTree = "<group>";
		};
		690F98F81B0E2CD500C39BC5 /* LD_VC_Lib */ = {
			isa = PBXGroup;
			children = (
				697FB9361B1431C0009833DD /* LD_VC_Uint */,
				697FB9351B143016009833DD /* Category */,
			);
			path = LD_VC_Lib;
			sourceTree = "<group>";
		};
		690F98F91B0E2E3800C39BC5 /* MainVC */ = {
			isa = PBXGroup;
			children = (
				69F3464E1B18674200F8D69C /* LDMainVC.h */,
				69F3464F1B18674200F8D69C /* LDMainVC.m */,
				69F346501B18674200F8D69C /* LDMainVC.xib */,
			);
			path = MainVC;
			sourceTree = "<group>";
		};
		691452591B1207DC009892FA /* MusicVC */ = {
			isa = PBXGroup;
			children = (
				696A769D1B209293001867C7 /* LDMusicVC.h */,
				696A769E1B209293001867C7 /* LDMusicVC.m */,
				696A769F1B209293001867C7 /* LDMusicVC.xib */,
			);
			path = MusicVC;
			sourceTree = "<group>";
		};
		691452651B120F1F009892FA /* LDDefine */ = {
			isa = PBXGroup;
			children = (
				6914526C1B12106D009892FA /* LDDevice.h */,
			);
			path = LDDefine;
			sourceTree = "<group>";
		};
		691452701B121C00009892FA /* CommonModel */ = {
			isa = PBXGroup;
			children = (
				691452711B121C65009892FA /* LDMusicBeanModel.h */,
				691452721B121C65009892FA /* LDMusicBeanModel.m */,
				696BA5951B1DE88D00B04259 /* LDBluzDeviceModel.h */,
				696BA5961B1DE88D00B04259 /* LDBluzDeviceModel.m */,
			);
			path = CommonModel;
			sourceTree = "<group>";
		};
		696BA57A1B1DDE3000B04259 /* BLEConnectVC */ = {
			isa = PBXGroup;
			children = (
				696BA57B1B1DDEA500B04259 /* LDBLEConnectVC.h */,
				696BA57C1B1DDEA500B04259 /* LDBLEConnectVC.m */,
				696BA57D1B1DDEA500B04259 /* LDBLEConnectVC.xib */,
				696BA5921B1DE78A00B04259 /* LDBLEConnectVM.h */,
				696BA5931B1DE78A00B04259 /* LDBLEConnectVM.m */,
			);
			path = BLEConnectVC;
			sourceTree = "<group>";
		};
		696BA5801B1DE32700B04259 /* iBluz */ = {
			isa = PBXGroup;
			children = (
				696BA5811B1DE32700B04259 /* include */,
				696BA5901B1DE32700B04259 /* libiBluz.a */,
			);
			path = iBluz;
			sourceTree = "<group>";
		};
		696BA5811B1DE32700B04259 /* include */ = {
			isa = PBXGroup;
			children = (
				696BA5821B1DE32700B04259 /* AlarmEntry.h */,
				696BA5831B1DE32700B04259 /* AlarmManager.h */,
				696BA5841B1DE32700B04259 /* AuxManager.h */,
				696BA5851B1DE32700B04259 /* BluzDevice.h */,
				696BA5861B1DE32700B04259 /* BluzDirect.h */,
				696BA5871B1DE32700B04259 /* BluzManager.h */,
				696BA5881B1DE32700B04259 /* BluzManagerData.h */,
				696BA5891B1DE32700B04259 /* FolderEntry.h */,
				696BA58A1B1DE32700B04259 /* GlobalManager.h */,
				696BA58B1B1DE32700B04259 /* MusicEntry.h */,
				696BA58C1B1DE32700B04259 /* MusicManager.h */,
				696BA58D1B1DE32700B04259 /* RadioEntry.h */,
				696BA58E1B1DE32700B04259 /* RadioManager.h */,
				696BA58F1B1DE32700B04259 /* RingEntry.h */,
			);
			path = include;
			sourceTree = "<group>";
		};
		6973420F1B14CB9700D46B15 /* LDMedia */ = {
			isa = PBXGroup;
			children = (
				697342101B14CBC300D46B15 /* LDMedia.h */,
				697342111B14CBC300D46B15 /* LDMedia.m */,
			);
			path = LDMedia;
			sourceTree = "<group>";
		};
		697FB9351B143016009833DD /* Category */ = {
			isa = PBXGroup;
			children = (
			);
			path = Category;
			sourceTree = "<group>";
		};
		697FB9361B1431C0009833DD /* LD_VC_Uint */ = {
			isa = PBXGroup;
			children = (
				69F346391B18559700F8D69C /* Drawer */,
				6973420F1B14CB9700D46B15 /* LDMedia */,
			);
			path = LD_VC_Uint;
			sourceTree = "<group>";
		};
		698271381B24AA5700E586DB /* Manager */ = {
			isa = PBXGroup;
			children = (
				698271391B24AABD00E586DB /* LDBLEManager.h */,
				6982713A1B24AABD00E586DB /* LDBLEManager.m */,
			);
			path = Manager;
			sourceTree = "<group>";
		};
		6982713C1B24B19F00E586DB /* MusicBoxVC */ = {
			isa = PBXGroup;
			children = (
				6982713D1B24B22900E586DB /* LDMusicBoxVC.h */,
				6982713E1B24B22900E586DB /* LDMusicBoxVC.m */,
				6982713F1B24B22900E586DB /* LDMusicBoxVC.xib */,
			);
			path = MusicBoxVC;
			sourceTree = "<group>";
		};
		698271421B24B51C00E586DB /* MusicMemoVC */ = {
			isa = PBXGroup;
			children = (
				698271491B24B56B00E586DB /* LDMusicMemoVC.h */,
				6982714A1B24B56B00E586DB /* LDMusicMemoVC.m */,
				6982714B1B24B56B00E586DB /* LDMusicMemoVC.xib */,
			);
			path = MusicMemoVC;
			sourceTree = "<group>";
		};
		698271431B24B52600E586DB /* MusicLrcVC */ = {
			isa = PBXGroup;
			children = (
				698271441B24B55900E586DB /* LDMusicLrcVC.h */,
				698271451B24B55900E586DB /* LDMusicLrcVC.m */,
				698271461B24B55900E586DB /* LDMusicLrcVC.xib */,
			);
			path = MusicLrcVC;
			sourceTree = "<group>";
		};
		69F3462F1B18498300F8D69C /* MLNavigationController */ = {
			isa = PBXGroup;
			children = (
				69F346301B1849AE00F8D69C /* MLNavigationController.h */,
				69F346311B1849AE00F8D69C /* MLNavigationController.m */,
			);
			path = MLNavigationController;
			sourceTree = "<group>";
		};
		69F346391B18559700F8D69C /* Drawer */ = {
			isa = PBXGroup;
			children = (
				69F3463A1B18560000F8D69C /* LDDrawer.h */,
				69F3463B1B18560000F8D69C /* LDDrawer.m */,
				69F346461B185F2400F8D69C /* MMExampleDrawerVisualStateManager.h */,
				69F346471B185F2400F8D69C /* MMExampleDrawerVisualStateManager.m */,
			);
			path = Drawer;
			sourceTree = "<group>";
		};
		69F3463D1B18569200F8D69C /* LeftMenuVC */ = {
			isa = PBXGroup;
			children = (
				69F346491B18663200F8D69C /* LDLeftMenuVC.h */,
				69F3464A1B18663200F8D69C /* LDLeftMenuVC.m */,
				69F3464B1B18663200F8D69C /* LDLeftMenuVC.xib */,
				696BA5771B1DDACA00B04259 /* LDLeftMenuVM.h */,
				696BA5781B1DDACA00B04259 /* LDLeftMenuVM.m */,
			);
			path = LeftMenuVC;
			sourceTree = "<group>";
		};
		7697D2E2654C514304D4189E /* Frameworks */ = {
			isa = PBXGroup;
			children = (
				2BDF99F59B378B3511FED4E1 /* libPods.a */,
			);
			name = Frameworks;
			sourceTree = "<group>";
		};
/* End PBXGroup section */

/* Begin PBXNativeTarget section */
		690F98A81B0E15DC00C39BC5 /* LD_Box */ = {
			isa = PBXNativeTarget;
			buildConfigurationList = 690F98CC1B0E15DC00C39BC5 /* Build configuration list for PBXNativeTarget "LD_Box" */;
			buildPhases = (
				6D2EC448D9E619C795BD11B5 /* Check Pods Manifest.lock */,
				690F98A51B0E15DC00C39BC5 /* Sources */,
				690F98A61B0E15DC00C39BC5 /* Frameworks */,
				690F98A71B0E15DC00C39BC5 /* Resources */,
				F208394FA1853ED99F4076F1 /* Copy Pods Resources */,
			);
			buildRules = (
			);
			dependencies = (
			);
			name = LD_Box;
			productName = LD_Box;
			productReference = 690F98A91B0E15DC00C39BC5 /* LD_Box.app */;
			productType = "com.apple.product-type.application";
		};
		690F98C11B0E15DC00C39BC5 /* LD_BoxTests */ = {
			isa = PBXNativeTarget;
			buildConfigurationList = 690F98CF1B0E15DC00C39BC5 /* Build configuration list for PBXNativeTarget "LD_BoxTests" */;
			buildPhases = (
				690F98BE1B0E15DC00C39BC5 /* Sources */,
				690F98BF1B0E15DC00C39BC5 /* Frameworks */,
				690F98C01B0E15DC00C39BC5 /* Resources */,
			);
			buildRules = (
			);
			dependencies = (
				690F98C41B0E15DC00C39BC5 /* PBXTargetDependency */,
			);
			name = LD_BoxTests;
			productName = LD_BoxTests;
			productReference = 690F98C21B0E15DC00C39BC5 /* LD_BoxTests.xctest */;
			productType = "com.apple.product-type.bundle.unit-test";
		};
/* End PBXNativeTarget section */

/* Begin PBXProject section */
		690F98A11B0E15DC00C39BC5 /* Project object */ = {
			isa = PBXProject;
			attributes = {
				CLASSPREFIX = LD;
				LastUpgradeCheck = 0630;
				ORGANIZATIONNAME = LD;
				TargetAttributes = {
					690F98A81B0E15DC00C39BC5 = {
						CreatedOnToolsVersion = 6.1;
					};
					690F98C11B0E15DC00C39BC5 = {
						CreatedOnToolsVersion = 6.1;
						TestTargetID = 690F98A81B0E15DC00C39BC5;
					};
				};
			};
			buildConfigurationList = 690F98A41B0E15DC00C39BC5 /* Build configuration list for PBXProject "LD_Box" */;
			compatibilityVersion = "Xcode 3.2";
			developmentRegion = English;
			hasScannedForEncodings = 0;
			knownRegions = (
				en,
				Base,
			);
			mainGroup = 690F98A01B0E15DC00C39BC5;
			productRefGroup = 690F98AA1B0E15DC00C39BC5 /* Products */;
			projectDirPath = "";
			projectRoot = "";
			targets = (
				690F98A81B0E15DC00C39BC5 /* LD_Box */,
				690F98C11B0E15DC00C39BC5 /* LD_BoxTests */,
			);
		};
/* End PBXProject section */

/* Begin PBXResourcesBuildPhase section */
		690F98A71B0E15DC00C39BC5 /* Resources */ = {
			isa = PBXResourcesBuildPhase;
			buildActionMask = 2147483647;
			files = (
				690F98DF1B0E1FD400C39BC5 /* Images.xcassets in Resources */,
				690F98DC1B0E1F5E00C39BC5 /* Main.storyboard in Resources */,
				6982714D1B24B56B00E586DB /* LDMusicMemoVC.xib in Resources */,
				69F3464D1B18663200F8D69C /* LDLeftMenuVC.xib in Resources */,
				696A76A11B209293001867C7 /* LDMusicVC.xib in Resources */,
				698271411B24B22900E586DB /* LDMusicBoxVC.xib in Resources */,
				690F98DB1B0E1F5E00C39BC5 /* LaunchScreen.xib in Resources */,
				698271481B24B55900E586DB /* LDMusicLrcVC.xib in Resources */,
				696BA57F1B1DDEA500B04259 /* LDBLEConnectVC.xib in Resources */,
				69F346521B18674200F8D69C /* LDMainVC.xib in Resources */,
			);
			runOnlyForDeploymentPostprocessing = 0;
		};
		690F98C01B0E15DC00C39BC5 /* Resources */ = {
			isa = PBXResourcesBuildPhase;
			buildActionMask = 2147483647;
			files = (
			);
			runOnlyForDeploymentPostprocessing = 0;
		};
/* End PBXResourcesBuildPhase section */

/* Begin PBXShellScriptBuildPhase section */
		6D2EC448D9E619C795BD11B5 /* Check Pods Manifest.lock */ = {
			isa = PBXShellScriptBuildPhase;
			buildActionMask = 2147483647;
			files = (
			);
			inputPaths = (
			);
			name = "Check Pods Manifest.lock";
			outputPaths = (
			);
			runOnlyForDeploymentPostprocessing = 0;
			shellPath = /bin/sh;
			shellScript = "diff \"${PODS_ROOT}/../Podfile.lock\" \"${PODS_ROOT}/Manifest.lock\" > /dev/null\nif [[ $? != 0 ]] ; then\n    cat << EOM\nerror: The sandbox is not in sync with the Podfile.lock. Run 'pod install' or update your CocoaPods installation.\nEOM\n    exit 1\nfi\n";
			showEnvVarsInLog = 0;
		};
		F208394FA1853ED99F4076F1 /* Copy Pods Resources */ = {
			isa = PBXShellScriptBuildPhase;
			buildActionMask = 2147483647;
			files = (
			);
			inputPaths = (
			);
			name = "Copy Pods Resources";
			outputPaths = (
			);
			runOnlyForDeploymentPostprocessing = 0;
			shellPath = /bin/sh;
			shellScript = "\"${SRCROOT}/Pods/Target Support Files/Pods/Pods-resources.sh\"\n";
			showEnvVarsInLog = 0;
		};
/* End PBXShellScriptBuildPhase section */

/* Begin PBXSourcesBuildPhase section */
		690F98A51B0E15DC00C39BC5 /* Sources */ = {
			isa = PBXSourcesBuildPhase;
			buildActionMask = 2147483647;
			files = (
				690F98B51B0E15DC00C39BC5 /* ViewController.m in Sources */,
				69F346481B185F2400F8D69C /* MMExampleDrawerVisualStateManager.m in Sources */,
				6982713B1B24AABD00E586DB /* LDBLEManager.m in Sources */,
				698271371B24A67400E586DB /* NSString+LDCategory.m in Sources */,
				696A76A01B209293001867C7 /* LDMusicVC.m in Sources */,
				698431881B0F63FC00D7263B /* LDLoger.m in Sources */,
				690F98B21B0E15DC00C39BC5 /* AppDelegate.m in Sources */,
				6984318E1B0F66B600D7263B /* UIColor+LDColor.m in Sources */,
				697342121B14CBC300D46B15 /* LDMedia.m in Sources */,
				691452731B121C65009892FA /* LDMusicBeanModel.m in Sources */,
				69F346351B184D9C00F8D69C /* LDBaseNC.m in Sources */,
				698271401B24B22900E586DB /* LDMusicBoxVC.m in Sources */,
				6982714C1B24B56B00E586DB /* LDMusicMemoVC.m in Sources */,
				698271471B24B55900E586DB /* LDMusicLrcVC.m in Sources */,
				696BA5791B1DDACA00B04259 /* LDLeftMenuVM.m in Sources */,
				6984318B1B0F640300D7263B /* LDAVAudioManager.m in Sources */,
				69F346321B1849AE00F8D69C /* MLNavigationController.m in Sources */,
				69F3464C1B18663200F8D69C /* LDLeftMenuVC.m in Sources */,
				696BA57E1B1DDEA500B04259 /* LDBLEConnectVC.m in Sources */,
				69F346451B18593A00F8D69C /* LDDrawerVC.m in Sources */,
				69F346381B184E6A00F8D69C /* LDBaseVC.m in Sources */,
				69F3463C1B18560000F8D69C /* LDDrawer.m in Sources */,
				69F346511B18674200F8D69C /* LDMainVC.m in Sources */,
				690F98AF1B0E15DC00C39BC5 /* main.m in Sources */,
				696BA5941B1DE78A00B04259 /* LDBLEConnectVM.m in Sources */,
				696BA5971B1DE88D00B04259 /* LDBluzDeviceModel.m in Sources */,
				6914526F1B121532009892FA /* LDBaseButton.m in Sources */,
			);
			runOnlyForDeploymentPostprocessing = 0;
		};
		690F98BE1B0E15DC00C39BC5 /* Sources */ = {
			isa = PBXSourcesBuildPhase;
			buildActionMask = 2147483647;
			files = (
				690F98C91B0E15DC00C39BC5 /* LD_BoxTests.m in Sources */,
			);
			runOnlyForDeploymentPostprocessing = 0;
		};
/* End PBXSourcesBuildPhase section */

/* Begin PBXTargetDependency section */
		690F98C41B0E15DC00C39BC5 /* PBXTargetDependency */ = {
			isa = PBXTargetDependency;
			target = 690F98A81B0E15DC00C39BC5 /* LD_Box */;
			targetProxy = 690F98C31B0E15DC00C39BC5 /* PBXContainerItemProxy */;
		};
/* End PBXTargetDependency section */

/* Begin PBXVariantGroup section */
		690F98D71B0E1F5E00C39BC5 /* LaunchScreen.xib */ = {
			isa = PBXVariantGroup;
			children = (
				690F98D81B0E1F5E00C39BC5 /* Base */,
			);
			name = LaunchScreen.xib;
			sourceTree = "<group>";
		};
		690F98D91B0E1F5E00C39BC5 /* Main.storyboard */ = {
			isa = PBXVariantGroup;
			children = (
				690F98DA1B0E1F5E00C39BC5 /* Base */,
			);
			name = Main.storyboard;
			sourceTree = "<group>";
		};
/* End PBXVariantGroup section */

/* Begin XCBuildConfiguration section */
		690F98CA1B0E15DC00C39BC5 /* Debug */ = {
			isa = XCBuildConfiguration;
			buildSettings = {
				ALWAYS_SEARCH_USER_PATHS = NO;
				CLANG_CXX_LANGUAGE_STANDARD = "gnu++0x";
				CLANG_CXX_LIBRARY = "libc++";
				CLANG_ENABLE_MODULES = YES;
				CLANG_ENABLE_OBJC_ARC = YES;
				CLANG_WARN_BOOL_CONVERSION = YES;
				CLANG_WARN_CONSTANT_CONVERSION = YES;
				CLANG_WARN_DIRECT_OBJC_ISA_USAGE = YES_ERROR;
				CLANG_WARN_EMPTY_BODY = YES;
				CLANG_WARN_ENUM_CONVERSION = YES;
				CLANG_WARN_INT_CONVERSION = YES;
				CLANG_WARN_OBJC_ROOT_CLASS = YES_ERROR;
				CLANG_WARN_UNREACHABLE_CODE = YES;
				CLANG_WARN__DUPLICATE_METHOD_MATCH = YES;
				"CODE_SIGN_IDENTITY[sdk=iphoneos*]" = "iPhone Developer";
				COPY_PHASE_STRIP = NO;
				ENABLE_STRICT_OBJC_MSGSEND = YES;
				GCC_C_LANGUAGE_STANDARD = gnu99;
				GCC_DYNAMIC_NO_PIC = NO;
				GCC_OPTIMIZATION_LEVEL = 0;
				GCC_PREPROCESSOR_DEFINITIONS = (
					"DEBUG=1",
					"$(inherited)",
				);
				GCC_SYMBOLS_PRIVATE_EXTERN = NO;
				GCC_WARN_64_TO_32_BIT_CONVERSION = YES;
				GCC_WARN_ABOUT_RETURN_TYPE = YES_ERROR;
				GCC_WARN_UNDECLARED_SELECTOR = YES;
				GCC_WARN_UNINITIALIZED_AUTOS = YES_AGGRESSIVE;
				GCC_WARN_UNUSED_FUNCTION = YES;
				GCC_WARN_UNUSED_VARIABLE = YES;
				IPHONEOS_DEPLOYMENT_TARGET = 8.1;
				MTL_ENABLE_DEBUG_INFO = YES;
				ONLY_ACTIVE_ARCH = YES;
				SDKROOT = iphoneos;
			};
			name = Debug;
		};
		690F98CB1B0E15DC00C39BC5 /* Release */ = {
			isa = XCBuildConfiguration;
			buildSettings = {
				ALWAYS_SEARCH_USER_PATHS = NO;
				CLANG_CXX_LANGUAGE_STANDARD = "gnu++0x";
				CLANG_CXX_LIBRARY = "libc++";
				CLANG_ENABLE_MODULES = YES;
				CLANG_ENABLE_OBJC_ARC = YES;
				CLANG_WARN_BOOL_CONVERSION = YES;
				CLANG_WARN_CONSTANT_CONVERSION = YES;
				CLANG_WARN_DIRECT_OBJC_ISA_USAGE = YES_ERROR;
				CLANG_WARN_EMPTY_BODY = YES;
				CLANG_WARN_ENUM_CONVERSION = YES;
				CLANG_WARN_INT_CONVERSION = YES;
				CLANG_WARN_OBJC_ROOT_CLASS = YES_ERROR;
				CLANG_WARN_UNREACHABLE_CODE = YES;
				CLANG_WARN__DUPLICATE_METHOD_MATCH = YES;
				"CODE_SIGN_IDENTITY[sdk=iphoneos*]" = "iPhone Developer";
				COPY_PHASE_STRIP = YES;
				ENABLE_NS_ASSERTIONS = NO;
				ENABLE_STRICT_OBJC_MSGSEND = YES;
				GCC_C_LANGUAGE_STANDARD = gnu99;
				GCC_WARN_64_TO_32_BIT_CONVERSION = YES;
				GCC_WARN_ABOUT_RETURN_TYPE = YES_ERROR;
				GCC_WARN_UNDECLARED_SELECTOR = YES;
				GCC_WARN_UNINITIALIZED_AUTOS = YES_AGGRESSIVE;
				GCC_WARN_UNUSED_FUNCTION = YES;
				GCC_WARN_UNUSED_VARIABLE = YES;
				IPHONEOS_DEPLOYMENT_TARGET = 8.1;
				MTL_ENABLE_DEBUG_INFO = NO;
				SDKROOT = iphoneos;
				VALIDATE_PRODUCT = YES;
			};
			name = Release;
		};
		690F98CD1B0E15DC00C39BC5 /* Debug */ = {
			isa = XCBuildConfiguration;
			baseConfigurationReference = 62C510F1426D7C03613A4E18 /* Pods.debug.xcconfig */;
			buildSettings = {
				ASSETCATALOG_COMPILER_APPICON_NAME = AppIcon;
				INFOPLIST_FILE = LD_Box/Supporting_Files/Info.plist;
				IPHONEOS_DEPLOYMENT_TARGET = 7.0;
				LD_RUNPATH_SEARCH_PATHS = "$(inherited) @executable_path/Frameworks";
				LIBRARY_SEARCH_PATHS = (
					"$(inherited)",
					"$(PROJECT_DIR)/LD_Box/Third_Libraries/iBluz",
				);
				PRODUCT_NAME = "$(TARGET_NAME)";
			};
			name = Debug;
		};
		690F98CE1B0E15DC00C39BC5 /* Release */ = {
			isa = XCBuildConfiguration;
			baseConfigurationReference = BC254ED88F1F6B3DFEC354B0 /* Pods.release.xcconfig */;
			buildSettings = {
				ASSETCATALOG_COMPILER_APPICON_NAME = AppIcon;
				INFOPLIST_FILE = LD_Box/Supporting_Files/Info.plist;
				IPHONEOS_DEPLOYMENT_TARGET = 7.0;
				LD_RUNPATH_SEARCH_PATHS = "$(inherited) @executable_path/Frameworks";
				LIBRARY_SEARCH_PATHS = (
					"$(inherited)",
					"$(PROJECT_DIR)/LD_Box/Third_Libraries/iBluz",
				);
				PRODUCT_NAME = "$(TARGET_NAME)";
			};
			name = Release;
		};
		690F98D01B0E15DC00C39BC5 /* Debug */ = {
			isa = XCBuildConfiguration;
			buildSettings = {
				BUNDLE_LOADER = "$(TEST_HOST)";
				FRAMEWORK_SEARCH_PATHS = (
					"$(SDKROOT)/Developer/Library/Frameworks",
					"$(inherited)",
				);
				GCC_PREPROCESSOR_DEFINITIONS = (
					"DEBUG=1",
					"$(inherited)",
				);
				INFOPLIST_FILE = LD_BoxTests/Info.plist;
				LD_RUNPATH_SEARCH_PATHS = "$(inherited) @executable_path/Frameworks @loader_path/Frameworks";
				PRODUCT_NAME = "$(TARGET_NAME)";
				TEST_HOST = "$(BUILT_PRODUCTS_DIR)/LD_Box.app/LD_Box";
			};
			name = Debug;
		};
		690F98D11B0E15DC00C39BC5 /* Release */ = {
			isa = XCBuildConfiguration;
			buildSettings = {
				BUNDLE_LOADER = "$(TEST_HOST)";
				FRAMEWORK_SEARCH_PATHS = (
					"$(SDKROOT)/Developer/Library/Frameworks",
					"$(inherited)",
				);
				INFOPLIST_FILE = LD_BoxTests/Info.plist;
				LD_RUNPATH_SEARCH_PATHS = "$(inherited) @executable_path/Frameworks @loader_path/Frameworks";
				PRODUCT_NAME = "$(TARGET_NAME)";
				TEST_HOST = "$(BUILT_PRODUCTS_DIR)/LD_Box.app/LD_Box";
			};
			name = Release;
		};
/* End XCBuildConfiguration section */

/* Begin XCConfigurationList section */
		690F98A41B0E15DC00C39BC5 /* Build configuration list for PBXProject "LD_Box" */ = {
			isa = XCConfigurationList;
			buildConfigurations = (
				690F98CA1B0E15DC00C39BC5 /* Debug */,
				690F98CB1B0E15DC00C39BC5 /* Release */,
			);
			defaultConfigurationIsVisible = 0;
			defaultConfigurationName = Release;
		};
		690F98CC1B0E15DC00C39BC5 /* Build configuration list for PBXNativeTarget "LD_Box" */ = {
			isa = XCConfigurationList;
			buildConfigurations = (
				690F98CD1B0E15DC00C39BC5 /* Debug */,
				690F98CE1B0E15DC00C39BC5 /* Release */,
			);
			defaultConfigurationIsVisible = 0;
			defaultConfigurationName = Release;
		};
		690F98CF1B0E15DC00C39BC5 /* Build configuration list for PBXNativeTarget "LD_BoxTests" */ = {
			isa = XCConfigurationList;
			buildConfigurations = (
				690F98D01B0E15DC00C39BC5 /* Debug */,
				690F98D11B0E15DC00C39BC5 /* Release */,
			);
			defaultConfigurationIsVisible = 0;
			defaultConfigurationName = Release;
		};
/* End XCConfigurationList section */
	};
	rootObject = 690F98A11B0E15DC00C39BC5 /* Project object */;
}
